
Microsoft Visual Studio Solution File, Format Version 12.00
Project("{2150E333-8FDC-42A3-9474-1A3956D46DE8}") = "FMath", "FMath", "{9565289C-456F-4894-BF06-631622972595}"
EndProject
Project("{FAE04EC0-301F-11D3-BF4B-00C04F79EFBC}") = "Tests", "FMath\Tests\Tests.csproj", "{00A6CEF3-3CCB-437B-9195-65276EF936B6}"
EndProject
Project("{FAE04EC0-301F-11D3-BF4B-00C04F79EFBC}") = "FMath", "FMath\FMath\FMath.csproj", "{704C66F2-31D5-4B9D-9333-1960AA3B13BA}"
EndProject
Project("{2150E333-8FDC-42A3-9474-1A3956D46DE8}") = "FUtil", "FUtil", "{685C2CF2-858E-4258-B5AF-C9E96A7F16EC}"
EndProject
Project("{FAE04EC0-301F-11D3-BF4B-00C04F79EFBC}") = "FLog", "FLog\FLog\FLog.csproj", "{B561120A-DA09-4E0F-A8A7-634310E1209A}"
EndProject
Project("{2150E333-8FDC-42A3-9474-1A3956D46DE8}") = "FPhysic", "FPhysic", "{85024255-A326-41C0-9757-379270BCEE8D}"
EndProject
Project("{FAE04EC0-301F-11D3-BF4B-00C04F79EFBC}") = "FPhysic", "FPhysic\FPhysic\FPhysic.csproj", "{604932FF-BE8E-4462-AF8F-FD05C6929BF2}"
EndProject
Global
	GlobalSection(SolutionConfigurationPlatforms) = preSolution
		Debug|Any CPU = Debug|Any CPU
		Release|Any CPU = Release|Any CPU
	EndGlobalSection
	GlobalSection(NestedProjects) = preSolution
		{00A6CEF3-3CCB-437B-9195-65276EF936B6} = {9565289C-456F-4894-BF06-631622972595}
		{704C66F2-31D5-4B9D-9333-1960AA3B13BA} = {9565289C-456F-4894-BF06-631622972595}
		{B561120A-DA09-4E0F-A8A7-634310E1209A} = {685C2CF2-858E-4258-B5AF-C9E96A7F16EC}
		{604932FF-BE8E-4462-AF8F-FD05C6929BF2} = {85024255-A326-41C0-9757-379270BCEE8D}
	EndGlobalSection
	GlobalSection(ProjectConfigurationPlatforms) = postSolution
		{00A6CEF3-3CCB-437B-9195-65276EF936B6}.Debug|Any CPU.ActiveCfg = Debug|Any CPU
		{00A6CEF3-3CCB-437B-9195-65276EF936B6}.Debug|Any CPU.Build.0 = Debug|Any CPU
		{00A6CEF3-3CCB-437B-9195-65276EF936B6}.Release|Any CPU.ActiveCfg = Release|Any CPU
		{00A6CEF3-3CCB-437B-9195-65276EF936B6}.Release|Any CPU.Build.0 = Release|Any CPU
		{704C66F2-31D5-4B9D-9333-1960AA3B13BA}.Debug|Any CPU.ActiveCfg = Debug|Any CPU
		{704C66F2-31D5-4B9D-9333-1960AA3B13BA}.Debug|Any CPU.Build.0 = Debug|Any CPU
		{704C66F2-31D5-4B9D-9333-1960AA3B13BA}.Release|Any CPU.ActiveCfg = Release|Any CPU
		{704C66F2-31D5-4B9D-9333-1960AA3B13BA}.Release|Any CPU.Build.0 = Release|Any CPU
		{B561120A-DA09-4E0F-A8A7-634310E1209A}.Debug|Any CPU.ActiveCfg = Debug|Any CPU
		{B561120A-DA09-4E0F-A8A7-634310E1209A}.Debug|Any CPU.Build.0 = Debug|Any CPU
		{B561120A-DA09-4E0F-A8A7-634310E1209A}.Release|Any CPU.ActiveCfg = Release|Any CPU
		{B561120A-DA09-4E0F-A8A7-634310E1209A}.Release|Any CPU.Build.0 = Release|Any CPU
		{604932FF-BE8E-4462-AF8F-FD05C6929BF2}.Debug|Any CPU.ActiveCfg = Debug|Any CPU
		{604932FF-BE8E-4462-AF8F-FD05C6929BF2}.Debug|Any CPU.Build.0 = Debug|Any CPU
		{604932FF-BE8E-4462-AF8F-FD05C6929BF2}.Release|Any CPU.ActiveCfg = Release|Any CPU
		{604932FF-BE8E-4462-AF8F-FD05C6929BF2}.Release|Any CPU.Build.0 = Release|Any CPU
	EndGlobalSection
EndGlobal
