
Microsoft Visual Studio Solution File, Format Version 12.00
Project("{FAE04EC0-301F-11D3-BF4B-00C04F79EFBC}") = "FPInt", "FPInt\FPInt.csproj", "{633566B1-476B-4C9D-98DE-327052EECF5D}"
EndProject
Project("{FAE04EC0-301F-11D3-BF4B-00C04F79EFBC}") = "Tests", "Tests\Tests.csproj", "{6CC3DEE4-95DE-43EE-BEB4-1A13D2CCB509}"
EndProject
Global
	GlobalSection(SolutionConfigurationPlatforms) = preSolution
		Debug|Any CPU = Debug|Any CPU
		Release|Any CPU = Release|Any CPU
	EndGlobalSection
	GlobalSection(ProjectConfigurationPlatforms) = postSolution
		{633566B1-476B-4C9D-98DE-327052EECF5D}.Debug|Any CPU.ActiveCfg = Debug|Any CPU
		{633566B1-476B-4C9D-98DE-327052EECF5D}.Debug|Any CPU.Build.0 = Debug|Any CPU
		{633566B1-476B-4C9D-98DE-327052EECF5D}.Release|Any CPU.ActiveCfg = Release|Any CPU
		{633566B1-476B-4C9D-98DE-327052EECF5D}.Release|Any CPU.Build.0 = Release|Any CPU
		{6CC3DEE4-95DE-43EE-BEB4-1A13D2CCB509}.Debug|Any CPU.ActiveCfg = Debug|Any CPU
		{6CC3DEE4-95DE-43EE-BEB4-1A13D2CCB509}.Debug|Any CPU.Build.0 = Debug|Any CPU
		{6CC3DEE4-95DE-43EE-BEB4-1A13D2CCB509}.Release|Any CPU.ActiveCfg = Release|Any CPU
		{6CC3DEE4-95DE-43EE-BEB4-1A13D2CCB509}.Release|Any CPU.Build.0 = Release|Any CPU
	EndGlobalSection
EndGlobal
